{
  "nodes": {
    "linkita": {
      "flake": false,
      "locked": {
        "lastModified": 1760881537,
        "narHash": "sha256-Xqj7oL4hs/FKqB1vdW4JOSxT3e+BF4gB6tBSvFDL+zw=",
        "ref": "refs/heads/linkita",
        "rev": "84758baf27fb2ca6ca6194ba1d81b997f698b78e",
        "revCount": 243,
        "type": "git",
        "url": "https://codeberg.org/salif/linkita.git"
      },
      "original": {
        "type": "git",
        "url": "https://codeberg.org/salif/linkita.git"
      }
    },
    "nixpkgs": {
      "locked": {
        "lastModified": 1760524057,
        "narHash": "sha256-EVAqOteLBFmd7pKkb0+FIUyzTF61VKi7YmvP1tw4nEw=",
        "owner": "NixOS",
        "repo": "nixpkgs",
        "rev": "544961dfcce86422ba200ed9a0b00dd4b1486ec5",
        "type": "github"
      },
      "original": {
        "owner": "NixOS",
        "ref": "nixos-unstable",
        "repo": "nixpkgs",
        "type": "github"
      }
    },
    "root": {
      "inputs": {
        "linkita": "linkita",
        "nixpkgs": "nixpkgs"
      }
    }
  },
  "root": "root",
  "version": 7
}
